
Microsoft Visual Studio Solution File, Format Version 12.00
Project("{FAE04EC0-301F-11D3-BF4B-00C04F79EFBC}") = "BancoDigitalApp", "BancoDigitalApp\BancoDigitalApp.csproj", "{52C50033-00F9-48EC-B870-CA460E8A62FB}"
EndProject
Project("{FAE04EC0-301F-11D3-BF4B-00C04F79EFBC}") = "TestConsola", "TestConsola\TestConsola.csproj", "{A843DD90-5CCB-4B04-8998-EEBF4682C962}"
EndProject
Global
	GlobalSection(SolutionConfigurationPlatforms) = preSolution
		Debug|Any CPU = Debug|Any CPU
		Release|Any CPU = Release|Any CPU
	EndGlobalSection
	GlobalSection(ProjectConfigurationPlatforms) = postSolution
		{52C50033-00F9-48EC-B870-CA460E8A62FB}.Debug|Any CPU.ActiveCfg = Debug|Any CPU
		{52C50033-00F9-48EC-B870-CA460E8A62FB}.Debug|Any CPU.Build.0 = Debug|Any CPU
		{52C50033-00F9-48EC-B870-CA460E8A62FB}.Release|Any CPU.ActiveCfg = Release|Any CPU
		{52C50033-00F9-48EC-B870-CA460E8A62FB}.Release|Any CPU.Build.0 = Release|Any CPU
		{A843DD90-5CCB-4B04-8998-EEBF4682C962}.Debug|Any CPU.ActiveCfg = Debug|Any CPU
		{A843DD90-5CCB-4B04-8998-EEBF4682C962}.Debug|Any CPU.Build.0 = Debug|Any CPU
		{A843DD90-5CCB-4B04-8998-EEBF4682C962}.Release|Any CPU.ActiveCfg = Release|Any CPU
		{A843DD90-5CCB-4B04-8998-EEBF4682C962}.Release|Any CPU.Build.0 = Release|Any CPU
	EndGlobalSection
EndGlobal
